
Microsoft Visual Studio Solution File, Format Version 12.00
# Visual Studio Version 17
VisualStudioVersion = 17.4.33205.214
MinimumVisualStudioVersion = 10.0.40219.1
Project("{8BC9CEB8-8B4A-11D0-8D11-00A0C91BC942}") = "E08-Allan-Flores", "E08-Allan-Flores.vcxproj", "{3F8BEB4C-FB06-402A-B52B-C8C436ED821B}"
EndProject
Global
	GlobalSection(SolutionConfigurationPlatforms) = preSolution
		Debug|x64 = Debug|x64
		Debug|x86 = Debug|x86
		Release|x64 = Release|x64
		Release|x86 = Release|x86
	EndGlobalSection
	GlobalSection(ProjectConfigurationPlatforms) = postSolution
		{3F8BEB4C-FB06-402A-B52B-C8C436ED821B}.Debug|x64.ActiveCfg = Debug|x64
		{3F8BEB4C-FB06-402A-B52B-C8C436ED821B}.Debug|x64.Build.0 = Debug|x64
		{3F8BEB4C-FB06-402A-B52B-C8C436ED821B}.Debug|x86.ActiveCfg = Debug|Win32
		{3F8BEB4C-FB06-402A-B52B-C8C436ED821B}.Debug|x86.Build.0 = Debug|Win32
		{3F8BEB4C-FB06-402A-B52B-C8C436ED821B}.Release|x64.ActiveCfg = Release|x64
		{3F8BEB4C-FB06-402A-B52B-C8C436ED821B}.Release|x64.Build.0 = Release|x64
		{3F8BEB4C-FB06-402A-B52B-C8C436ED821B}.Release|x86.ActiveCfg = Release|Win32
		{3F8BEB4C-FB06-402A-B52B-C8C436ED821B}.Release|x86.Build.0 = Release|Win32
	EndGlobalSection
	GlobalSection(SolutionProperties) = preSolution
		HideSolutionNode = FALSE
	EndGlobalSection
	GlobalSection(ExtensibilityGlobals) = postSolution
		SolutionGuid = {C3165C40-0618-43EA-A4D5-75CC2A8425EC}
	EndGlobalSection
EndGlobal
